
Microsoft Visual Studio Solution File, Format Version 12.00
# Visual Studio Version 17
VisualStudioVersion = 17.2.32616.157
MinimumVisualStudioVersion = 10.0.40219.1
Project("{9A19103F-16F7-4668-BE54-9A1E7A4F7556}") = "001 Overflow", "001 Overflow\001 Overflow.csproj", "{7337CE61-2728-42F6-8CB6-378027849F2B}"
EndProject
Project("{9A19103F-16F7-4668-BE54-9A1E7A4F7556}") = "002 Decimal", "002 Decimal\002 Decimal.csproj", "{9200DEEC-D50F-4DCA-8C22-D73A0EB158BD}"
EndProject
Project("{9A19103F-16F7-4668-BE54-9A1E7A4F7556}") = "003 Cadenas", "003 Cadenas\003 Cadenas.csproj", "{834C77FB-04DB-4E63-BC6C-2A34E0859F4B}"
EndProject
Project("{9A19103F-16F7-4668-BE54-9A1E7A4F7556}") = "004 Indices y Rangos", "004 Indices y Rangos\004 Indices y Rangos.csproj", "{82D64B4D-794D-417C-A8CB-1C086E2C7368}"
EndProject
Project("{9A19103F-16F7-4668-BE54-9A1E7A4F7556}") = "005 Expresiones de Switch", "005 Expresiones de Switch\005 Expresiones de Switch.csproj", "{181B99C6-54D1-42B7-B7FC-2C5CC7085F16}"
EndProject
Project("{FAE04EC0-301F-11D3-BF4B-00C04F79EFBC}") = "006 Operador Null Coalescing", "006 Operador Null Coalescing\006 Operador Null Coalescing.csproj", "{45F5525D-6C31-4432-8510-2C9AADB8264A}"
EndProject
Global
	GlobalSection(SolutionConfigurationPlatforms) = preSolution
		Debug|Any CPU = Debug|Any CPU
		Release|Any CPU = Release|Any CPU
	EndGlobalSection
	GlobalSection(ProjectConfigurationPlatforms) = postSolution
		{7337CE61-2728-42F6-8CB6-378027849F2B}.Debug|Any CPU.ActiveCfg = Debug|Any CPU
		{7337CE61-2728-42F6-8CB6-378027849F2B}.Debug|Any CPU.Build.0 = Debug|Any CPU
		{7337CE61-2728-42F6-8CB6-378027849F2B}.Release|Any CPU.ActiveCfg = Release|Any CPU
		{7337CE61-2728-42F6-8CB6-378027849F2B}.Release|Any CPU.Build.0 = Release|Any CPU
		{9200DEEC-D50F-4DCA-8C22-D73A0EB158BD}.Debug|Any CPU.ActiveCfg = Debug|Any CPU
		{9200DEEC-D50F-4DCA-8C22-D73A0EB158BD}.Debug|Any CPU.Build.0 = Debug|Any CPU
		{9200DEEC-D50F-4DCA-8C22-D73A0EB158BD}.Release|Any CPU.ActiveCfg = Release|Any CPU
		{9200DEEC-D50F-4DCA-8C22-D73A0EB158BD}.Release|Any CPU.Build.0 = Release|Any CPU
		{834C77FB-04DB-4E63-BC6C-2A34E0859F4B}.Debug|Any CPU.ActiveCfg = Debug|Any CPU
		{834C77FB-04DB-4E63-BC6C-2A34E0859F4B}.Debug|Any CPU.Build.0 = Debug|Any CPU
		{834C77FB-04DB-4E63-BC6C-2A34E0859F4B}.Release|Any CPU.ActiveCfg = Release|Any CPU
		{834C77FB-04DB-4E63-BC6C-2A34E0859F4B}.Release|Any CPU.Build.0 = Release|Any CPU
		{82D64B4D-794D-417C-A8CB-1C086E2C7368}.Debug|Any CPU.ActiveCfg = Debug|Any CPU
		{82D64B4D-794D-417C-A8CB-1C086E2C7368}.Debug|Any CPU.Build.0 = Debug|Any CPU
		{82D64B4D-794D-417C-A8CB-1C086E2C7368}.Release|Any CPU.ActiveCfg = Release|Any CPU
		{82D64B4D-794D-417C-A8CB-1C086E2C7368}.Release|Any CPU.Build.0 = Release|Any CPU
		{181B99C6-54D1-42B7-B7FC-2C5CC7085F16}.Debug|Any CPU.ActiveCfg = Debug|Any CPU
		{181B99C6-54D1-42B7-B7FC-2C5CC7085F16}.Debug|Any CPU.Build.0 = Debug|Any CPU
		{181B99C6-54D1-42B7-B7FC-2C5CC7085F16}.Release|Any CPU.ActiveCfg = Release|Any CPU
		{181B99C6-54D1-42B7-B7FC-2C5CC7085F16}.Release|Any CPU.Build.0 = Release|Any CPU
		{45F5525D-6C31-4432-8510-2C9AADB8264A}.Debug|Any CPU.ActiveCfg = Debug|Any CPU
		{45F5525D-6C31-4432-8510-2C9AADB8264A}.Debug|Any CPU.Build.0 = Debug|Any CPU
		{45F5525D-6C31-4432-8510-2C9AADB8264A}.Release|Any CPU.ActiveCfg = Release|Any CPU
		{45F5525D-6C31-4432-8510-2C9AADB8264A}.Release|Any CPU.Build.0 = Release|Any CPU
	EndGlobalSection
	GlobalSection(SolutionProperties) = preSolution
		HideSolutionNode = FALSE
	EndGlobalSection
	GlobalSection(ExtensibilityGlobals) = postSolution
		SolutionGuid = {45F98CF1-549C-4BB0-A92C-8B76346F6912}
	EndGlobalSection
EndGlobal
